
Microsoft Visual Studio Solution File, Format Version 12.00
# Visual Studio Version 17
VisualStudioVersion = 17.5.33530.505
MinimumVisualStudioVersion = 10.0.40219.1
Project("{FAE04EC0-301F-11D3-BF4B-00C04F79EFBC}") = "SqlProvider", "SqlProvider\SqlProvider.csproj", "{6CF023C7-E4F0-4D05-A0A6-EA72A86B1485}"
EndProject
Global
	GlobalSection(SolutionConfigurationPlatforms) = preSolution
		Debug|Any CPU = Debug|Any CPU
		Release|Any CPU = Release|Any CPU
	EndGlobalSection
	GlobalSection(ProjectConfigurationPlatforms) = postSolution
		{6CF023C7-E4F0-4D05-A0A6-EA72A86B1485}.Debug|Any CPU.ActiveCfg = Debug|Any CPU
		{6CF023C7-E4F0-4D05-A0A6-EA72A86B1485}.Debug|Any CPU.Build.0 = Debug|Any CPU
		{6CF023C7-E4F0-4D05-A0A6-EA72A86B1485}.Release|Any CPU.ActiveCfg = Release|Any CPU
		{6CF023C7-E4F0-4D05-A0A6-EA72A86B1485}.Release|Any CPU.Build.0 = Release|Any CPU
	EndGlobalSection
	GlobalSection(SolutionProperties) = preSolution
		HideSolutionNode = FALSE
	EndGlobalSection
	GlobalSection(ExtensibilityGlobals) = postSolution
		SolutionGuid = {322BDFB6-C067-4F0F-ABCB-5B3400C32A22}
	EndGlobalSection
EndGlobal
